
Microsoft Visual Studio Solution File, Format Version 12.00
# Visual Studio Version 17
VisualStudioVersion = 17.13.35919.96 d17.13
MinimumVisualStudioVersion = 10.0.40219.1
Project("{FAE04EC0-301F-11D3-BF4B-00C04F79EFBC}") = "Prova23-04-2025", "Prova23-04-2025\Prova23-04-2025.csproj", "{DF6A3FA0-A524-441C-8E50-6EB2A4133C05}"
EndProject
Global
	GlobalSection(SolutionConfigurationPlatforms) = preSolution
		Debug|Any CPU = Debug|Any CPU
		Release|Any CPU = Release|Any CPU
	EndGlobalSection
	GlobalSection(ProjectConfigurationPlatforms) = postSolution
		{DF6A3FA0-A524-441C-8E50-6EB2A4133C05}.Debug|Any CPU.ActiveCfg = Debug|Any CPU
		{DF6A3FA0-A524-441C-8E50-6EB2A4133C05}.Debug|Any CPU.Build.0 = Debug|Any CPU
		{DF6A3FA0-A524-441C-8E50-6EB2A4133C05}.Debug|Any CPU.Deploy.0 = Debug|Any CPU
		{DF6A3FA0-A524-441C-8E50-6EB2A4133C05}.Release|Any CPU.ActiveCfg = Release|Any CPU
		{DF6A3FA0-A524-441C-8E50-6EB2A4133C05}.Release|Any CPU.Build.0 = Release|Any CPU
		{DF6A3FA0-A524-441C-8E50-6EB2A4133C05}.Release|Any CPU.Deploy.0 = Release|Any CPU
	EndGlobalSection
	GlobalSection(SolutionProperties) = preSolution
		HideSolutionNode = FALSE
	EndGlobalSection
	GlobalSection(ExtensibilityGlobals) = postSolution
		SolutionGuid = {67DB3953-47E8-4391-9FDA-5D316F656F38}
	EndGlobalSection
EndGlobal
